
Microsoft Visual Studio Solution File, Format Version 12.00
Project("{FAE04EC0-301F-11D3-BF4B-00C04F79EFBC}") = "View", "View\View.csproj", "{3040D11F-EE79-4C4A-9EFA-1558E751FF04}"
EndProject
Project("{FAE04EC0-301F-11D3-BF4B-00C04F79EFBC}") = "Model", "Model\Model.csproj", "{B7F5A23B-FE83-4FD7-97A3-70F1AF426E05}"
EndProject
Project("{FAE04EC0-301F-11D3-BF4B-00C04F79EFBC}") = "Domain", "Domain\Domain.csproj", "{B75E8032-1DCA-42D0-9FCE-6962393A2F11}"
EndProject
Global
	GlobalSection(SolutionConfigurationPlatforms) = preSolution
		Debug|Any CPU = Debug|Any CPU
		Release|Any CPU = Release|Any CPU
	EndGlobalSection
	GlobalSection(ProjectConfigurationPlatforms) = postSolution
		{3040D11F-EE79-4C4A-9EFA-1558E751FF04}.Debug|Any CPU.ActiveCfg = Debug|Any CPU
		{3040D11F-EE79-4C4A-9EFA-1558E751FF04}.Debug|Any CPU.Build.0 = Debug|Any CPU
		{3040D11F-EE79-4C4A-9EFA-1558E751FF04}.Release|Any CPU.ActiveCfg = Release|Any CPU
		{3040D11F-EE79-4C4A-9EFA-1558E751FF04}.Release|Any CPU.Build.0 = Release|Any CPU
		{B7F5A23B-FE83-4FD7-97A3-70F1AF426E05}.Debug|Any CPU.ActiveCfg = Debug|Any CPU
		{B7F5A23B-FE83-4FD7-97A3-70F1AF426E05}.Debug|Any CPU.Build.0 = Debug|Any CPU
		{B7F5A23B-FE83-4FD7-97A3-70F1AF426E05}.Release|Any CPU.ActiveCfg = Release|Any CPU
		{B7F5A23B-FE83-4FD7-97A3-70F1AF426E05}.Release|Any CPU.Build.0 = Release|Any CPU
		{B75E8032-1DCA-42D0-9FCE-6962393A2F11}.Debug|Any CPU.ActiveCfg = Debug|Any CPU
		{B75E8032-1DCA-42D0-9FCE-6962393A2F11}.Debug|Any CPU.Build.0 = Debug|Any CPU
		{B75E8032-1DCA-42D0-9FCE-6962393A2F11}.Release|Any CPU.ActiveCfg = Release|Any CPU
		{B75E8032-1DCA-42D0-9FCE-6962393A2F11}.Release|Any CPU.Build.0 = Release|Any CPU
	EndGlobalSection
EndGlobal
